
Microsoft Visual Studio Solution File, Format Version 12.00
# Visual Studio Version 17
VisualStudioVersion = 17.2.32616.157
MinimumVisualStudioVersion = 10.0.40219.1
Project("{2150E333-8FDC-42A3-9474-1A3956D46DE8}") = "1 - Layers", "1 - Layers", "{B0FC802F-D5A2-46FB-96E3-A5BD0C415FE5}"
EndProject
Project("{2150E333-8FDC-42A3-9474-1A3956D46DE8}") = "2 - Tests", "2 - Tests", "{D9D94AC7-FAFC-414A-B229-95152256FADE}"
EndProject
Project("{2150E333-8FDC-42A3-9474-1A3956D46DE8}") = "3 - Deploy", "3 - Deploy", "{BED25127-A39B-468B-8154-756E47D88340}"
EndProject
Project("{2150E333-8FDC-42A3-9474-1A3956D46DE8}") = "4 - Artifacts", "4 - Artifacts", "{915D7392-1A20-45D3-B750-6CAE30CBC187}"
EndProject
Project("{2150E333-8FDC-42A3-9474-1A3956D46DE8}") = "1.1 - Presentation", "1.1 - Presentation", "{EFDB7741-BB67-453F-9D8E-96A3387AD6DF}"
EndProject
Project("{2150E333-8FDC-42A3-9474-1A3956D46DE8}") = "1.2 - Application", "1.2 - Application", "{DDD39305-75F4-4C28-82FD-E30A6E86107F}"
EndProject
Project("{2150E333-8FDC-42A3-9474-1A3956D46DE8}") = "1.3 - Domain", "1.3 - Domain", "{A6AD781B-FA1D-4181-9496-BE81AA8B8B58}"
EndProject
Project("{2150E333-8FDC-42A3-9474-1A3956D46DE8}") = "1.4 - Infrastructure", "1.4 - Infrastructure", "{C1B87C8C-7BD7-4BD6-AA91-F4FE2E52B0E8}"
EndProject
Project("{2150E333-8FDC-42A3-9474-1A3956D46DE8}") = "Frontend", "Frontend", "{AB650423-0311-4371-A91A-DA29252792B4}"
EndProject
Project("{2150E333-8FDC-42A3-9474-1A3956D46DE8}") = "Backend", "Backend", "{BAA9EC59-325C-4392-9D61-3DF0CF080150}"
EndProject
Project("{9A19103F-16F7-4668-BE54-9A1E7A4F7556}") = "RWS.Authentication.Api", "Presentation.Api\RWS.Authentication.Api.csproj", "{0413DC0A-08DE-4CE5-B087-D46F12E4DFE9}"
EndProject
Project("{9A19103F-16F7-4668-BE54-9A1E7A4F7556}") = "Application.Services", "Application.Services\Application.Services.csproj", "{2E97FB03-E793-4A40-A0B1-3E964FDD8FD6}"
EndProject
Project("{9A19103F-16F7-4668-BE54-9A1E7A4F7556}") = "Domain.Core", "Domain.Core\Domain.Core.csproj", "{2812D4E8-D364-41B5-9A73-2E2913548FEB}"
EndProject
Project("{9A19103F-16F7-4668-BE54-9A1E7A4F7556}") = "Infrastructure.Database", "Infrastructure.Database\Infrastructure.Database.csproj", "{C1A1CEE8-68AD-40FD-9CBC-470B9AEF23D5}"
EndProject
Project("{E24C65DC-7377-472B-9ABA-BC803B73C61A}") = "Frontend", "Frontend\", "{2852FF7E-0C0E-4E61-B4DF-A5F5AAAA07F8}"
	ProjectSection(WebsiteProperties) = preProject
		Debug.AspNetCompiler.VirtualPath = "/localhost_55168"
		Debug.AspNetCompiler.PhysicalPath = "Frontend\"
		Debug.AspNetCompiler.TargetPath = "PrecompiledWeb\localhost_55168\"
		Debug.AspNetCompiler.Updateable = "true"
		Debug.AspNetCompiler.ForceOverwrite = "true"
		Debug.AspNetCompiler.FixedNames = "false"
		Debug.AspNetCompiler.Debug = "True"
		Release.AspNetCompiler.VirtualPath = "/localhost_55168"
		Release.AspNetCompiler.PhysicalPath = "Frontend\"
		Release.AspNetCompiler.TargetPath = "PrecompiledWeb\localhost_55168\"
		Release.AspNetCompiler.Updateable = "true"
		Release.AspNetCompiler.ForceOverwrite = "true"
		Release.AspNetCompiler.FixedNames = "false"
		Release.AspNetCompiler.Debug = "False"
		VWDPort = "55168"
	EndProjectSection
EndProject
Global
	GlobalSection(SolutionConfigurationPlatforms) = preSolution
		Debug|Any CPU = Debug|Any CPU
		Release|Any CPU = Release|Any CPU
	EndGlobalSection
	GlobalSection(ProjectConfigurationPlatforms) = postSolution
		{0413DC0A-08DE-4CE5-B087-D46F12E4DFE9}.Debug|Any CPU.ActiveCfg = Debug|Any CPU
		{0413DC0A-08DE-4CE5-B087-D46F12E4DFE9}.Debug|Any CPU.Build.0 = Debug|Any CPU
		{0413DC0A-08DE-4CE5-B087-D46F12E4DFE9}.Release|Any CPU.ActiveCfg = Release|Any CPU
		{0413DC0A-08DE-4CE5-B087-D46F12E4DFE9}.Release|Any CPU.Build.0 = Release|Any CPU
		{2E97FB03-E793-4A40-A0B1-3E964FDD8FD6}.Debug|Any CPU.ActiveCfg = Debug|Any CPU
		{2E97FB03-E793-4A40-A0B1-3E964FDD8FD6}.Debug|Any CPU.Build.0 = Debug|Any CPU
		{2E97FB03-E793-4A40-A0B1-3E964FDD8FD6}.Release|Any CPU.ActiveCfg = Release|Any CPU
		{2E97FB03-E793-4A40-A0B1-3E964FDD8FD6}.Release|Any CPU.Build.0 = Release|Any CPU
		{2812D4E8-D364-41B5-9A73-2E2913548FEB}.Debug|Any CPU.ActiveCfg = Debug|Any CPU
		{2812D4E8-D364-41B5-9A73-2E2913548FEB}.Debug|Any CPU.Build.0 = Debug|Any CPU
		{2812D4E8-D364-41B5-9A73-2E2913548FEB}.Release|Any CPU.ActiveCfg = Release|Any CPU
		{2812D4E8-D364-41B5-9A73-2E2913548FEB}.Release|Any CPU.Build.0 = Release|Any CPU
		{C1A1CEE8-68AD-40FD-9CBC-470B9AEF23D5}.Debug|Any CPU.ActiveCfg = Debug|Any CPU
		{C1A1CEE8-68AD-40FD-9CBC-470B9AEF23D5}.Debug|Any CPU.Build.0 = Debug|Any CPU
		{C1A1CEE8-68AD-40FD-9CBC-470B9AEF23D5}.Release|Any CPU.ActiveCfg = Release|Any CPU
		{C1A1CEE8-68AD-40FD-9CBC-470B9AEF23D5}.Release|Any CPU.Build.0 = Release|Any CPU
		{2852FF7E-0C0E-4E61-B4DF-A5F5AAAA07F8}.Debug|Any CPU.ActiveCfg = Debug|Any CPU
		{2852FF7E-0C0E-4E61-B4DF-A5F5AAAA07F8}.Debug|Any CPU.Build.0 = Debug|Any CPU
		{2852FF7E-0C0E-4E61-B4DF-A5F5AAAA07F8}.Release|Any CPU.ActiveCfg = Debug|Any CPU
		{2852FF7E-0C0E-4E61-B4DF-A5F5AAAA07F8}.Release|Any CPU.Build.0 = Debug|Any CPU
	EndGlobalSection
	GlobalSection(SolutionProperties) = preSolution
		HideSolutionNode = FALSE
	EndGlobalSection
	GlobalSection(NestedProjects) = preSolution
		{EFDB7741-BB67-453F-9D8E-96A3387AD6DF} = {B0FC802F-D5A2-46FB-96E3-A5BD0C415FE5}
		{DDD39305-75F4-4C28-82FD-E30A6E86107F} = {B0FC802F-D5A2-46FB-96E3-A5BD0C415FE5}
		{A6AD781B-FA1D-4181-9496-BE81AA8B8B58} = {B0FC802F-D5A2-46FB-96E3-A5BD0C415FE5}
		{C1B87C8C-7BD7-4BD6-AA91-F4FE2E52B0E8} = {B0FC802F-D5A2-46FB-96E3-A5BD0C415FE5}
		{AB650423-0311-4371-A91A-DA29252792B4} = {EFDB7741-BB67-453F-9D8E-96A3387AD6DF}
		{BAA9EC59-325C-4392-9D61-3DF0CF080150} = {EFDB7741-BB67-453F-9D8E-96A3387AD6DF}
		{0413DC0A-08DE-4CE5-B087-D46F12E4DFE9} = {BAA9EC59-325C-4392-9D61-3DF0CF080150}
		{2E97FB03-E793-4A40-A0B1-3E964FDD8FD6} = {DDD39305-75F4-4C28-82FD-E30A6E86107F}
		{2812D4E8-D364-41B5-9A73-2E2913548FEB} = {A6AD781B-FA1D-4181-9496-BE81AA8B8B58}
		{C1A1CEE8-68AD-40FD-9CBC-470B9AEF23D5} = {C1B87C8C-7BD7-4BD6-AA91-F4FE2E52B0E8}
		{2852FF7E-0C0E-4E61-B4DF-A5F5AAAA07F8} = {AB650423-0311-4371-A91A-DA29252792B4}
	EndGlobalSection
	GlobalSection(ExtensibilityGlobals) = postSolution
		SolutionGuid = {15115C5E-BDBF-448E-8C2C-3896F8E6B560}
	EndGlobalSection
EndGlobal
